
Microsoft Visual Studio Solution File, Format Version 12.00
# Visual Studio Version 16
VisualStudioVersion = 16.0.31313.79
MinimumVisualStudioVersion = 10.0.40219.1
Project("{FAE04EC0-301F-11D3-BF4B-00C04F79EFBC}") = "ASP-MVC-Contoso", "ASP-MVC-Contoso\ASP-MVC-Contoso.csproj", "{A65D4C95-A4EC-4EFC-87AD-99E42B92806A}"
EndProject
Global
	GlobalSection(SolutionConfigurationPlatforms) = preSolution
		Debug|Any CPU = Debug|Any CPU
		Release|Any CPU = Release|Any CPU
	EndGlobalSection
	GlobalSection(ProjectConfigurationPlatforms) = postSolution
		{A65D4C95-A4EC-4EFC-87AD-99E42B92806A}.Debug|Any CPU.ActiveCfg = Debug|Any CPU
		{A65D4C95-A4EC-4EFC-87AD-99E42B92806A}.Debug|Any CPU.Build.0 = Debug|Any CPU
		{A65D4C95-A4EC-4EFC-87AD-99E42B92806A}.Release|Any CPU.ActiveCfg = Release|Any CPU
		{A65D4C95-A4EC-4EFC-87AD-99E42B92806A}.Release|Any CPU.Build.0 = Release|Any CPU
	EndGlobalSection
	GlobalSection(SolutionProperties) = preSolution
		HideSolutionNode = FALSE
	EndGlobalSection
	GlobalSection(ExtensibilityGlobals) = postSolution
		SolutionGuid = {A0C3872A-9C61-47BB-9FCF-FF3A1F272CAD}
	EndGlobalSection
EndGlobal
